schema: '2.0'
stages:
  data_ingestion:
    cmd: python src/data_ingestion.py
    deps:
    - path: src/data_ingestion.py
      hash: md5
      md5: 4e517781109afb5890f11be1d3d295f6
      size: 3539
    params:
      params.yaml:
        data_ingestion.test_size: 0.1
    outs:
    - path: data/raw
      hash: md5
      md5: 9097e041a34df9054caed15688df1464.dir
      size: 484846
      nfiles: 2
  data_preprocessing:
    cmd: python src/data_preprocessing.py
    deps:
    - path: data/raw
      hash: md5
      md5: 9097e041a34df9054caed15688df1464.dir
      size: 484846
      nfiles: 2
    - path: src/data_preprocessing.py
      hash: md5
      md5: 610d9748a8bc49fcdca81d8449820ab5
      size: 3865
    outs:
    - path: data/interim
      hash: md5
      md5: 372e18bfa771372d41b683bc64b32377.dir
      size: 257605
      nfiles: 2
  feature_engineering:
    cmd: python src/feature_engineering.py
    deps:
    - path: data/interim
      hash: md5
      md5: 372e18bfa771372d41b683bc64b32377.dir
      size: 257605
      nfiles: 2
    - path: src/feature_engineering.py
      hash: md5
      md5: ce1889389f165bfd8d9f815336443d80
      size: 3799
    params:
      params.yaml:
        feature_engineering.max_features: 30
    outs:
    - path: data/processed
      hash: md5
      md5: 490cf6695f1ddc3b7504c04ffc4c72f6.dir
      size: 714708
      nfiles: 2
  model_building:
    cmd: python src/model_building.py
    deps:
    - path: data/processed
      hash: md5
      md5: 490cf6695f1ddc3b7504c04ffc4c72f6.dir
      size: 714708
      nfiles: 2
    - path: src/model_building.py
      hash: md5
      md5: a415c81a95e4448429dc368852d6a823
      size: 4288
    params:
      params.yaml:
        model_building.n_estimators: 22
        model_building.random_state: 2
    outs:
    - path: models/model.pkl
      hash: md5
      md5: c15a19cc23583a3f0d1505eb2e7acb9d
      size: 707826
  model_evaluation:
    cmd: python src/model_evaluation.py
    deps:
    - path: models/model.pkl
      hash: md5
      md5: c15a19cc23583a3f0d1505eb2e7acb9d
      size: 707826
    - path: src/model_evaluation.py
      hash: md5
      md5: efb1de9838f57b0e50862992a47805df
      size: 4502
    outs:
    - path: reports/metrics.json
      hash: md5
      md5: 25f02d1f34bc271548a8a5a9134c6b42
      size: 145
